
Microsoft Visual Studio Solution File, Format Version 12.00
# Visual Studio Version 16
VisualStudioVersion = 16.0.33130.400
MinimumVisualStudioVersion = 10.0.40219.1
Project("{888888A0-9F3D-457C-B088-3A5042F75D52}") = "quizzzz2172023", "quizzzz2172023\quizzzz2172023.pyproj", "{F51A17BF-BCC6-4A05-BB44-38CBA6B248FE}"
EndProject
Global
	GlobalSection(SolutionConfigurationPlatforms) = preSolution
		Debug|Any CPU = Debug|Any CPU
		Release|Any CPU = Release|Any CPU
	EndGlobalSection
	GlobalSection(ProjectConfigurationPlatforms) = postSolution
		{F51A17BF-BCC6-4A05-BB44-38CBA6B248FE}.Debug|Any CPU.ActiveCfg = Debug|Any CPU
		{F51A17BF-BCC6-4A05-BB44-38CBA6B248FE}.Release|Any CPU.ActiveCfg = Release|Any CPU
	EndGlobalSection
	GlobalSection(SolutionProperties) = preSolution
		HideSolutionNode = FALSE
	EndGlobalSection
	GlobalSection(ExtensibilityGlobals) = postSolution
		SolutionGuid = {9F54D8CC-D873-41F3-B645-EEE04869B3A8}
	EndGlobalSection
EndGlobal
